
Microsoft Visual Studio Solution File, Format Version 12.00
# Visual Studio Version 17
VisualStudioVersion = 17.3.32929.385
MinimumVisualStudioVersion = 10.0.40219.1
Project("{FAE04EC0-301F-11D3-BF4B-00C04F79EFBC}") = "SampleSoapClient", "SampleSoapClient\SampleSoapClient.csproj", "{45B781F2-537D-4784-BD32-2294DC765702}"
EndProject
Global
	GlobalSection(SolutionConfigurationPlatforms) = preSolution
		Debug|Any CPU = Debug|Any CPU
		Release|Any CPU = Release|Any CPU
	EndGlobalSection
	GlobalSection(ProjectConfigurationPlatforms) = postSolution
		{45B781F2-537D-4784-BD32-2294DC765702}.Debug|Any CPU.ActiveCfg = Debug|Any CPU
		{45B781F2-537D-4784-BD32-2294DC765702}.Debug|Any CPU.Build.0 = Debug|Any CPU
		{45B781F2-537D-4784-BD32-2294DC765702}.Release|Any CPU.ActiveCfg = Release|Any CPU
		{45B781F2-537D-4784-BD32-2294DC765702}.Release|Any CPU.Build.0 = Release|Any CPU
	EndGlobalSection
	GlobalSection(SolutionProperties) = preSolution
		HideSolutionNode = FALSE
	EndGlobalSection
	GlobalSection(ExtensibilityGlobals) = postSolution
		SolutionGuid = {971E8A08-FC40-4E97-B5D1-27F312B31F69}
	EndGlobalSection
EndGlobal
